
Microsoft Visual Studio Solution File, Format Version 12.00
# Visual Studio Version 16
VisualStudioVersion = 16.0.30804.86
MinimumVisualStudioVersion = 10.0.40219.1
Project("{9A19103F-16F7-4668-BE54-9A1E7A4F7556}") = "Simu.App", "src\Simu.App\Simu.App.csproj", "{B443D9C9-3649-4516-BB91-6A387C50063F}"
EndProject
Project("{9A19103F-16F7-4668-BE54-9A1E7A4F7556}") = "Simu.Data", "src\Simu.Data\Simu.Data.csproj", "{8F408F72-F04F-4A4D-8730-48E7BF64BC71}"
EndProject
Project("{9A19103F-16F7-4668-BE54-9A1E7A4F7556}") = "Simu.Business", "src\Simu.Business\Simu.Business.csproj", "{74139D1B-B42A-4CA2-B6D5-F423970C075D}"
EndProject
Global
	GlobalSection(SolutionConfigurationPlatforms) = preSolution
		Debug|Any CPU = Debug|Any CPU
		Release|Any CPU = Release|Any CPU
	EndGlobalSection
	GlobalSection(ProjectConfigurationPlatforms) = postSolution
		{B443D9C9-3649-4516-BB91-6A387C50063F}.Debug|Any CPU.ActiveCfg = Debug|Any CPU
		{B443D9C9-3649-4516-BB91-6A387C50063F}.Debug|Any CPU.Build.0 = Debug|Any CPU
		{B443D9C9-3649-4516-BB91-6A387C50063F}.Release|Any CPU.ActiveCfg = Release|Any CPU
		{B443D9C9-3649-4516-BB91-6A387C50063F}.Release|Any CPU.Build.0 = Release|Any CPU
		{8F408F72-F04F-4A4D-8730-48E7BF64BC71}.Debug|Any CPU.ActiveCfg = Debug|Any CPU
		{8F408F72-F04F-4A4D-8730-48E7BF64BC71}.Debug|Any CPU.Build.0 = Debug|Any CPU
		{8F408F72-F04F-4A4D-8730-48E7BF64BC71}.Release|Any CPU.ActiveCfg = Release|Any CPU
		{8F408F72-F04F-4A4D-8730-48E7BF64BC71}.Release|Any CPU.Build.0 = Release|Any CPU
		{74139D1B-B42A-4CA2-B6D5-F423970C075D}.Debug|Any CPU.ActiveCfg = Debug|Any CPU
		{74139D1B-B42A-4CA2-B6D5-F423970C075D}.Debug|Any CPU.Build.0 = Debug|Any CPU
		{74139D1B-B42A-4CA2-B6D5-F423970C075D}.Release|Any CPU.ActiveCfg = Release|Any CPU
		{74139D1B-B42A-4CA2-B6D5-F423970C075D}.Release|Any CPU.Build.0 = Release|Any CPU
	EndGlobalSection
	GlobalSection(SolutionProperties) = preSolution
		HideSolutionNode = FALSE
	EndGlobalSection
	GlobalSection(ExtensibilityGlobals) = postSolution
		SolutionGuid = {074832AC-DC65-4211-928B-D67594AD876B}
	EndGlobalSection
EndGlobal
